// !$*UTF8*$!
{
	archiveVersion = 1;
	classes = {
	};
	objectVersion = 56;
	objects = {

/* Begin PBXBuildFile section */
		7B072C272D15653400E831C5 /* 87-MultipleBlendingModes.swift in Sources */ = {isa = PBXBuildFile; fileRef = 7B072C262D15652200E831C5 /* 87-MultipleBlendingModes.swift */; };
		7B072C292D1565A700E831C5 /* 88-CircularTextonPath.swift in Sources */ = {isa = PBXBuildFile; fileRef = 7B072C282D15658200E831C5 /* 88-CircularTextonPath.swift */; };
		7B9F4CA92B54D47400CF97BD /* 50-AVPPlayer.swift in Sources */ = {isa = PBXBuildFile; fileRef = 7B9F4CA82B54D47400CF97BD /* 50-AVPPlayer.swift */; };
		7B9F4CAB2B55075600CF97BD /* 51-LinkFromText.swift in Sources */ = {isa = PBXBuildFile; fileRef = 7B9F4CAA2B55075600CF97BD /* 51-LinkFromText.swift */; };
		7B9F4CAD2B5508C000CF97BD /* 52-Share Sheet.swift in Sources */ = {isa = PBXBuildFile; fileRef = 7B9F4CAC2B5508C000CF97BD /* 52-Share Sheet.swift */; };
		7B9F4CAF2B5509FD00CF97BD /* 53-StringInSwift.swift in Sources */ = {isa = PBXBuildFile; fileRef = 7B9F4CAE2B5509FD00CF97BD /* 53-StringInSwift.swift */; };
		7B9F4CB12B550C2A00CF97BD /* 54-AppStorage.swift in Sources */ = {isa = PBXBuildFile; fileRef = 7B9F4CB02B550C2A00CF97BD /* 54-AppStorage.swift */; };
		7B9F4CB32B550CD200CF97BD /* 55-ActionSheet.swift in Sources */ = {isa = PBXBuildFile; fileRef = 7B9F4CB22B550CD200CF97BD /* 55-ActionSheet.swift */; };
		7B9F4CB52B550DB300CF97BD /* 56-TabbarScrollUp.swift in Sources */ = {isa = PBXBuildFile; fileRef = 7B9F4CB42B550DB300CF97BD /* 56-TabbarScrollUp.swift */; };
		7BB3E4D92D1C3347007A2B2E /* 94-SVGtoSwiftUI.swift in Sources */ = {isa = PBXBuildFile; fileRef = 7BB3E4D82D1C333B007A2B2E /* 94-SVGtoSwiftUI.swift */; };
		7BB3E4DD2D1C3422007A2B2E /* 95-DetectScreenSize.swift in Sources */ = {isa = PBXBuildFile; fileRef = 7BB3E4DC2D1C3410007A2B2E /* 95-DetectScreenSize.swift */; };
		7BB3E4DF2D1C3738007A2B2E /* 96-CustomLayout.swift in Sources */ = {isa = PBXBuildFile; fileRef = 7BB3E4DE2D1C372F007A2B2E /* 96-CustomLayout.swift */; };
		7BB3E4E12D1C3868007A2B2E /* 97-RadialLayout.swift in Sources */ = {isa = PBXBuildFile; fileRef = 7BB3E4E02D1C385C007A2B2E /* 97-RadialLayout.swift */; };
		7BB3E4E32D1C3A16007A2B2E /* 98-CoreLocation.swift in Sources */ = {isa = PBXBuildFile; fileRef = 7BB3E4E22D1C3A0D007A2B2E /* 98-CoreLocation.swift */; };
		7BB3E4E62D1C3A92007A2B2E /* 98-LocationManager.swift in Sources */ = {isa = PBXBuildFile; fileRef = 7BB3E4E52D1C3A8B007A2B2E /* 98-LocationManager.swift */; };
		7BB3E4E82D1C3B01007A2B2E /* 99-RadialGradientButton.swift in Sources */ = {isa = PBXBuildFile; fileRef = 7BB3E4E72D1C3AE8007A2B2E /* 99-RadialGradientButton.swift */; };
		7BB3E4EA2D1C3C6F007A2B2E /* 100-SFSymbolsAnimations.swift in Sources */ = {isa = PBXBuildFile; fileRef = 7BB3E4E92D1C3C5F007A2B2E /* 100-SFSymbolsAnimations.swift */; };
		7BB3E4EC2D1C3DDC007A2B2E /* 101-PhaseAnimator.swift in Sources */ = {isa = PBXBuildFile; fileRef = 7BB3E4EB2D1C3DD3007A2B2E /* 101-PhaseAnimator.swift */; };
		7BB3E4EE2D1C3EFB007A2B2E /* 102-KeyframeAnimator.swift in Sources */ = {isa = PBXBuildFile; fileRef = 7BB3E4ED2D1C3EF1007A2B2E /* 102-KeyframeAnimator.swift */; };
		7BBADC762B4F979000519F59 /* 36-HideStatusBar.swift in Sources */ = {isa = PBXBuildFile; fileRef = 7BBADC752B4F979000519F59 /* 36-HideStatusBar.swift */; };
		7BBADC782B4F98CD00519F59 /* 37-RedactedPlaceholder.swift in Sources */ = {isa = PBXBuildFile; fileRef = 7BBADC772B4F98CD00519F59 /* 37-RedactedPlaceholder.swift */; };
		7BBADC7A2B4F9B7500519F59 /* 38-HorizontalScroll3D.swift in Sources */ = {isa = PBXBuildFile; fileRef = 7BBADC792B4F9B7500519F59 /* 38-HorizontalScroll3D.swift */; };
		7BBD95EF2D1A714400C67BB8 /* 91-HalfSheet.swift in Sources */ = {isa = PBXBuildFile; fileRef = 7BBD95EE2D1A713F00C67BB8 /* 91-HalfSheet.swift */; };
		7BBD95F12D1A734F00C67BB8 /* 92-Charts.swift in Sources */ = {isa = PBXBuildFile; fileRef = 7BBD95F02D1A734A00C67BB8 /* 92-Charts.swift */; };
		7BBD95F32D1A742600C67BB8 /* 93-GridLayout.swift in Sources */ = {isa = PBXBuildFile; fileRef = 7BBD95F22D1A741D00C67BB8 /* 93-GridLayout.swift */; };
		7BBED5B52B4E3B28003D4D72 /* designcodeApp.swift in Sources */ = {isa = PBXBuildFile; fileRef = 7BBED5B42B4E3B28003D4D72 /* designcodeApp.swift */; };
		7BBED5B72B4E3B28003D4D72 /* ContentView.swift in Sources */ = {isa = PBXBuildFile; fileRef = 7BBED5B62B4E3B28003D4D72 /* ContentView.swift */; };
		7BBED5B92B4E3B29003D4D72 /* Assets.xcassets in Resources */ = {isa = PBXBuildFile; fileRef = 7BBED5B82B4E3B29003D4D72 /* Assets.xcassets */; };
		7BBED5BC2B4E3B29003D4D72 /* Preview Assets.xcassets in Resources */ = {isa = PBXBuildFile; fileRef = 7BBED5BB2B4E3B29003D4D72 /* Preview Assets.xcassets */; };
		7BBED5C62B4E3B2A003D4D72 /* designcodeTests.swift in Sources */ = {isa = PBXBuildFile; fileRef = 7BBED5C52B4E3B2A003D4D72 /* designcodeTests.swift */; };
		7BBED5D02B4E3B2A003D4D72 /* designcodeUITests.swift in Sources */ = {isa = PBXBuildFile; fileRef = 7BBED5CF2B4E3B2A003D4D72 /* designcodeUITests.swift */; };
		7BBED5D22B4E3B2A003D4D72 /* designcodeUITestsLaunchTests.swift in Sources */ = {isa = PBXBuildFile; fileRef = 7BBED5D12B4E3B2A003D4D72 /* designcodeUITestsLaunchTests.swift */; };
		7BBED5E02B4E3BCC003D4D72 /* 01-Layout.swift in Sources */ = {isa = PBXBuildFile; fileRef = 7BBED5DF2B4E3BCC003D4D72 /* 01-Layout.swift */; };
		7BBED5E22B4E3D94003D4D72 /* 02-StackAndSpacer.swift in Sources */ = {isa = PBXBuildFile; fileRef = 7BBED5E12B4E3D93003D4D72 /* 02-StackAndSpacer.swift */; };
		7BBED5E42B4E40E8003D4D72 /* 04-ShapeAndStroke.swift in Sources */ = {isa = PBXBuildFile; fileRef = 7BBED5E32B4E40E8003D4D72 /* 04-ShapeAndStroke.swift */; };
		7BBED5E62B4E44D0003D4D72 /* 05-SFSymbol.swift in Sources */ = {isa = PBXBuildFile; fileRef = 7BBED5E52B4E44D0003D4D72 /* 05-SFSymbol.swift */; };
		7BBED5E82B4E457C003D4D72 /* 06-ColorLiteral.swift in Sources */ = {isa = PBXBuildFile; fileRef = 7BBED5E72B4E457C003D4D72 /* 06-ColorLiteral.swift */; };
		7BBED5EA2B4E45E8003D4D72 /* 07-SideBar.swift in Sources */ = {isa = PBXBuildFile; fileRef = 7BBED5E92B4E45E8003D4D72 /* 07-SideBar.swift */; };
		7BBED5EC2B4E48D6003D4D72 /* 08-ToolBar.swift in Sources */ = {isa = PBXBuildFile; fileRef = 7BBED5EB2B4E48D6003D4D72 /* 08-ToolBar.swift */; };
		7BBED5EE2B4E4938003D4D72 /* 10-SafeArea.swift in Sources */ = {isa = PBXBuildFile; fileRef = 7BBED5ED2B4E4938003D4D72 /* 10-SafeArea.swift */; };
		7BBED5F02B4E49FF003D4D72 /* 11-Text.swift in Sources */ = {isa = PBXBuildFile; fileRef = 7BBED5EF2B4E49FF003D4D72 /* 11-Text.swift */; };
		7BBED5F22B4E4A91003D4D72 /* 15-ShadowAndOpacity.swift in Sources */ = {isa = PBXBuildFile; fileRef = 7BBED5F12B4E4A91003D4D72 /* 15-ShadowAndOpacity.swift */; };
		7BBED5F42B4E4B04003D4D72 /* 16-MaskAndTransparancy.swift in Sources */ = {isa = PBXBuildFile; fileRef = 7BBED5F32B4E4B04003D4D72 /* 16-MaskAndTransparancy.swift */; };
		7BDF659E2D191668009CDF10 /* 89-ViewThatFits.swift in Sources */ = {isa = PBXBuildFile; fileRef = 7BDF659D2D19164E009CDF10 /* 89-ViewThatFits.swift */; };
		7BDF65A02D1917F9009CDF10 /* 90-NavigationStack.swift in Sources */ = {isa = PBXBuildFile; fileRef = 7BDF659F2D1917F0009CDF10 /* 90-NavigationStack.swift */; };
		7BF2CE192B50DF8000153B7A /* 39-AnimationRepeatDelaySpeed.swift in Sources */ = {isa = PBXBuildFile; fileRef = 7BF2CE182B50DF8000153B7A /* 39-AnimationRepeatDelaySpeed.swift */; };
		7BF2CE1B2B50E20800153B7A /* 40-TabSelectionFromChildView.swift in Sources */ = {isa = PBXBuildFile; fileRef = 7BF2CE1A2B50E20800153B7A /* 40-TabSelectionFromChildView.swift */; };
		7BF2CE1D2B50E3C200153B7A /* 41-StatusBarSizeWithGeometry.swift in Sources */ = {isa = PBXBuildFile; fileRef = 7BF2CE1C2B50E3C200153B7A /* 41-StatusBarSizeWithGeometry.swift */; };
		7BF2CE1F2B50E57500153B7A /* 42-ModalPresentation.swift in Sources */ = {isa = PBXBuildFile; fileRef = 7BF2CE1E2B50E57500153B7A /* 42-ModalPresentation.swift */; };
		7BF2CE212B50E71600153B7A /* 43-RemoteImage.swift in Sources */ = {isa = PBXBuildFile; fileRef = 7BF2CE202B50E71600153B7A /* 43-RemoteImage.swift */; };
		7BF2CE242B50E74D00153B7A /* SDWebImageSwiftUI in Frameworks */ = {isa = PBXBuildFile; productRef = 7BF2CE232B50E74D00153B7A /* SDWebImageSwiftUI */; };
		7BF2CE262B50EA4700153B7A /* 44-DismissCustomModal.swift in Sources */ = {isa = PBXBuildFile; fileRef = 7BF2CE252B50EA4700153B7A /* 44-DismissCustomModal.swift */; };
		7BF2CE282B50EBB500153B7A /* 45-IteratingArray.swift in Sources */ = {isa = PBXBuildFile; fileRef = 7BF2CE272B50EBB500153B7A /* 45-IteratingArray.swift */; };
		7BF2CE2A2B50EDFF00153B7A /* 46-SwitchStatement.swift in Sources */ = {isa = PBXBuildFile; fileRef = 7BF2CE292B50EDFF00153B7A /* 46-SwitchStatement.swift */; };
		7BF2CE2C2B50EEA500153B7A /* 47-FormatDate.swift in Sources */ = {isa = PBXBuildFile; fileRef = 7BF2CE2B2B50EEA500153B7A /* 47-FormatDate.swift */; };
		7BF2CE2E2B50F02B00153B7A /* 48-UserDefaults.swift in Sources */ = {isa = PBXBuildFile; fileRef = 7BF2CE2D2B50F02B00153B7A /* 48-UserDefaults.swift */; };
		7BF2CE302B50F20800153B7A /* 49-HideKeyboard.swift in Sources */ = {isa = PBXBuildFile; fileRef = 7BF2CE2F2B50F20800153B7A /* 49-HideKeyboard.swift */; };
		7BF70ED02B4E52C4006FEF2C /* 17-ClipShapeandSmooth.swift in Sources */ = {isa = PBXBuildFile; fileRef = 7BF70ECF2B4E52C4006FEF2C /* 17-ClipShapeandSmooth.swift */; };
		7BF70ED22B4E5326006FEF2C /* 18-TabAndPagination.swift in Sources */ = {isa = PBXBuildFile; fileRef = 7BF70ED12B4E5326006FEF2C /* 18-TabAndPagination.swift */; };
		7BF70ED42B4E537F006FEF2C /* 19-AnimationStates.swift in Sources */ = {isa = PBXBuildFile; fileRef = 7BF70ED32B4E537F006FEF2C /* 19-AnimationStates.swift */; };
		7BF70ED62B4E53E4006FEF2C /* 20-TransitionAndAnimation.swift in Sources */ = {isa = PBXBuildFile; fileRef = 7BF70ED52B4E53E4006FEF2C /* 20-TransitionAndAnimation.swift */; };
		7BF70ED82B4E55F9006FEF2C /* 21-AnimationModifierAndTiming.swift in Sources */ = {isa = PBXBuildFile; fileRef = 7BF70ED72B4E55F9006FEF2C /* 21-AnimationModifierAndTiming.swift */; };
		7BF70EDA2B4E566D006FEF2C /* 22-TransforAnimation.swift in Sources */ = {isa = PBXBuildFile; fileRef = 7BF70ED92B4E566D006FEF2C /* 22-TransforAnimation.swift */; };
		7BF70EDC2B4E6FA4006FEF2C /* 23-TabAnimationDelay.swift in Sources */ = {isa = PBXBuildFile; fileRef = 7BF70EDB2B4E6FA4006FEF2C /* 23-TabAnimationDelay.swift */; };
		7BF70EDE2B4E700C006FEF2C /* 24-LongpresGesture.swift in Sources */ = {isa = PBXBuildFile; fileRef = 7BF70EDD2B4E700C006FEF2C /* 24-LongpresGesture.swift */; };
		7BF70EE02B4E7063006FEF2C /* 25-DragGesture.swift in Sources */ = {isa = PBXBuildFile; fileRef = 7BF70EDF2B4E7063006FEF2C /* 25-DragGesture.swift */; };
		7BF70EE22B4E70CD006FEF2C /* 26-MatchedGeometryEffect.swift in Sources */ = {isa = PBXBuildFile; fileRef = 7BF70EE12B4E70CD006FEF2C /* 26-MatchedGeometryEffect.swift */; };
		7BF70EE42B4E85F6006FEF2C /* 27-LazyStacks.swift in Sources */ = {isa = PBXBuildFile; fileRef = 7BF70EE32B4E85F6006FEF2C /* 27-LazyStacks.swift */; };
		7BF70EE62B4E865B006FEF2C /* 28-NavigationView.swift in Sources */ = {isa = PBXBuildFile; fileRef = 7BF70EE52B4E865B006FEF2C /* 28-NavigationView.swift */; };
		7BF70EE82B4E8754006FEF2C /* 29-Link.swift in Sources */ = {isa = PBXBuildFile; fileRef = 7BF70EE72B4E8754006FEF2C /* 29-Link.swift */; };
		7BF70EEA2B4E88E9006FEF2C /* 30-ColorPicker.swift in Sources */ = {isa = PBXBuildFile; fileRef = 7BF70EE92B4E88E9006FEF2C /* 30-ColorPicker.swift */; };
		7BF70EEC2B4E8943006FEF2C /* 31-DatePicker.swift in Sources */ = {isa = PBXBuildFile; fileRef = 7BF70EEB2B4E8943006FEF2C /* 31-DatePicker.swift */; };
		7BF70EEE2B4E8AC1006FEF2C /* 32-Hover.swift in Sources */ = {isa = PBXBuildFile; fileRef = 7BF70EED2B4E8AC1006FEF2C /* 32-Hover.swift */; };
		7BF70EF12B4E8B6B006FEF2C /* Home.swift in Sources */ = {isa = PBXBuildFile; fileRef = 7BF70EF02B4E8B6B006FEF2C /* Home.swift */; };
		7BF70EF42B4E8B8F006FEF2C /* buttons.swift in Sources */ = {isa = PBXBuildFile; fileRef = 7BF70EF32B4E8B8F006FEF2C /* buttons.swift */; };
		7BF70EF62B4E916F006FEF2C /* 34-StaticData.swift in Sources */ = {isa = PBXBuildFile; fileRef = 7BF70EF52B4E916F006FEF2C /* 34-StaticData.swift */; };
		7BF70EF82B4E91D7006FEF2C /* 35-Full Screen Modal.swift in Sources */ = {isa = PBXBuildFile; fileRef = 7BF70EF72B4E91D7006FEF2C /* 35-Full Screen Modal.swift */; };
/* End PBXBuildFile section */

/* Begin PBXContainerItemProxy section */
		7BBED5C22B4E3B2A003D4D72 /* PBXContainerItemProxy */ = {
			isa = PBXContainerItemProxy;
			containerPortal = 7BBED5A92B4E3B28003D4D72 /* Project object */;
			proxyType = 1;
			remoteGlobalIDString = 7BBED5B02B4E3B28003D4D72;
			remoteInfo = designcode;
		};
		7BBED5CC2B4E3B2A003D4D72 /* PBXContainerItemProxy */ = {
			isa = PBXContainerItemProxy;
			containerPortal = 7BBED5A92B4E3B28003D4D72 /* Project object */;
			proxyType = 1;
			remoteGlobalIDString = 7BBED5B02B4E3B28003D4D72;
			remoteInfo = designcode;
		};
/* End PBXContainerItemProxy section */

/* Begin PBXFileReference section */
		7B072C262D15652200E831C5 /* 87-MultipleBlendingModes.swift */ = {isa = PBXFileReference; lastKnownFileType = sourcecode.swift; path = "87-MultipleBlendingModes.swift"; sourceTree = "<group>"; };
		7B072C282D15658200E831C5 /* 88-CircularTextonPath.swift */ = {isa = PBXFileReference; lastKnownFileType = sourcecode.swift; path = "88-CircularTextonPath.swift"; sourceTree = "<group>"; };
		7B9F4CA82B54D47400CF97BD /* 50-AVPPlayer.swift */ = {isa = PBXFileReference; lastKnownFileType = sourcecode.swift; path = "50-AVPPlayer.swift"; sourceTree = "<group>"; };
		7B9F4CAA2B55075600CF97BD /* 51-LinkFromText.swift */ = {isa = PBXFileReference; lastKnownFileType = sourcecode.swift; path = "51-LinkFromText.swift"; sourceTree = "<group>"; };
		7B9F4CAC2B5508C000CF97BD /* 52-Share Sheet.swift */ = {isa = PBXFileReference; lastKnownFileType = sourcecode.swift; path = "52-Share Sheet.swift"; sourceTree = "<group>"; };
		7B9F4CAE2B5509FD00CF97BD /* 53-StringInSwift.swift */ = {isa = PBXFileReference; lastKnownFileType = sourcecode.swift; path = "53-StringInSwift.swift"; sourceTree = "<group>"; };
		7B9F4CB02B550C2A00CF97BD /* 54-AppStorage.swift */ = {isa = PBXFileReference; lastKnownFileType = sourcecode.swift; path = "54-AppStorage.swift"; sourceTree = "<group>"; };
		7B9F4CB22B550CD200CF97BD /* 55-ActionSheet.swift */ = {isa = PBXFileReference; lastKnownFileType = sourcecode.swift; path = "55-ActionSheet.swift"; sourceTree = "<group>"; };
		7B9F4CB42B550DB300CF97BD /* 56-TabbarScrollUp.swift */ = {isa = PBXFileReference; lastKnownFileType = sourcecode.swift; path = "56-TabbarScrollUp.swift"; sourceTree = "<group>"; };
		7BB3E4D82D1C333B007A2B2E /* 94-SVGtoSwiftUI.swift */ = {isa = PBXFileReference; lastKnownFileType = sourcecode.swift; path = "94-SVGtoSwiftUI.swift"; sourceTree = "<group>"; };
		7BB3E4DC2D1C3410007A2B2E /* 95-DetectScreenSize.swift */ = {isa = PBXFileReference; lastKnownFileType = sourcecode.swift; path = "95-DetectScreenSize.swift"; sourceTree = "<group>"; };
		7BB3E4DE2D1C372F007A2B2E /* 96-CustomLayout.swift */ = {isa = PBXFileReference; lastKnownFileType = sourcecode.swift; path = "96-CustomLayout.swift"; sourceTree = "<group>"; };
		7BB3E4E02D1C385C007A2B2E /* 97-RadialLayout.swift */ = {isa = PBXFileReference; lastKnownFileType = sourcecode.swift; path = "97-RadialLayout.swift"; sourceTree = "<group>"; };
		7BB3E4E22D1C3A0D007A2B2E /* 98-CoreLocation.swift */ = {isa = PBXFileReference; lastKnownFileType = sourcecode.swift; path = "98-CoreLocation.swift"; sourceTree = "<group>"; };
		7BB3E4E52D1C3A8B007A2B2E /* 98-LocationManager.swift */ = {isa = PBXFileReference; lastKnownFileType = sourcecode.swift; path = "98-LocationManager.swift"; sourceTree = "<group>"; };
		7BB3E4E72D1C3AE8007A2B2E /* 99-RadialGradientButton.swift */ = {isa = PBXFileReference; lastKnownFileType = sourcecode.swift; path = "99-RadialGradientButton.swift"; sourceTree = "<group>"; };
		7BB3E4E92D1C3C5F007A2B2E /* 100-SFSymbolsAnimations.swift */ = {isa = PBXFileReference; lastKnownFileType = sourcecode.swift; path = "100-SFSymbolsAnimations.swift"; sourceTree = "<group>"; };
		7BB3E4EB2D1C3DD3007A2B2E /* 101-PhaseAnimator.swift */ = {isa = PBXFileReference; lastKnownFileType = sourcecode.swift; path = "101-PhaseAnimator.swift"; sourceTree = "<group>"; };
		7BB3E4ED2D1C3EF1007A2B2E /* 102-KeyframeAnimator.swift */ = {isa = PBXFileReference; lastKnownFileType = sourcecode.swift; path = "102-KeyframeAnimator.swift"; sourceTree = "<group>"; };
		7BBADC752B4F979000519F59 /* 36-HideStatusBar.swift */ = {isa = PBXFileReference; lastKnownFileType = sourcecode.swift; path = "36-HideStatusBar.swift"; sourceTree = "<group>"; };
		7BBADC772B4F98CD00519F59 /* 37-RedactedPlaceholder.swift */ = {isa = PBXFileReference; lastKnownFileType = sourcecode.swift; path = "37-RedactedPlaceholder.swift"; sourceTree = "<group>"; };
		7BBADC792B4F9B7500519F59 /* 38-HorizontalScroll3D.swift */ = {isa = PBXFileReference; lastKnownFileType = sourcecode.swift; path = "38-HorizontalScroll3D.swift"; sourceTree = "<group>"; };
		7BBD95EE2D1A713F00C67BB8 /* 91-HalfSheet.swift */ = {isa = PBXFileReference; lastKnownFileType = sourcecode.swift; path = "91-HalfSheet.swift"; sourceTree = "<group>"; };
		7BBD95F02D1A734A00C67BB8 /* 92-Charts.swift */ = {isa = PBXFileReference; lastKnownFileType = sourcecode.swift; path = "92-Charts.swift"; sourceTree = "<group>"; };
		7BBD95F22D1A741D00C67BB8 /* 93-GridLayout.swift */ = {isa = PBXFileReference; lastKnownFileType = sourcecode.swift; path = "93-GridLayout.swift"; sourceTree = "<group>"; };
		7BBED5B12B4E3B28003D4D72 /* designcode.app */ = {isa = PBXFileReference; explicitFileType = wrapper.application; includeInIndex = 0; path = designcode.app; sourceTree = BUILT_PRODUCTS_DIR; };
		7BBED5B42B4E3B28003D4D72 /* designcodeApp.swift */ = {isa = PBXFileReference; lastKnownFileType = sourcecode.swift; path = designcodeApp.swift; sourceTree = "<group>"; };
		7BBED5B62B4E3B28003D4D72 /* ContentView.swift */ = {isa = PBXFileReference; lastKnownFileType = sourcecode.swift; path = ContentView.swift; sourceTree = "<group>"; };
		7BBED5B82B4E3B29003D4D72 /* Assets.xcassets */ = {isa = PBXFileReference; lastKnownFileType = folder.assetcatalog; path = Assets.xcassets; sourceTree = "<group>"; };
		7BBED5BB2B4E3B29003D4D72 /* Preview Assets.xcassets */ = {isa = PBXFileReference; lastKnownFileType = folder.assetcatalog; path = "Preview Assets.xcassets"; sourceTree = "<group>"; };
		7BBED5C12B4E3B2A003D4D72 /* designcodeTests.xctest */ = {isa = PBXFileReference; explicitFileType = wrapper.cfbundle; includeInIndex = 0; path = designcodeTests.xctest; sourceTree = BUILT_PRODUCTS_DIR; };
		7BBED5C52B4E3B2A003D4D72 /* designcodeTests.swift */ = {isa = PBXFileReference; lastKnownFileType = sourcecode.swift; path = designcodeTests.swift; sourceTree = "<group>"; };
		7BBED5CB2B4E3B2A003D4D72 /* designcodeUITests.xctest */ = {isa = PBXFileReference; explicitFileType = wrapper.cfbundle; includeInIndex = 0; path = designcodeUITests.xctest; sourceTree = BUILT_PRODUCTS_DIR; };
		7BBED5CF2B4E3B2A003D4D72 /* designcodeUITests.swift */ = {isa = PBXFileReference; lastKnownFileType = sourcecode.swift; path = designcodeUITests.swift; sourceTree = "<group>"; };
		7BBED5D12B4E3B2A003D4D72 /* designcodeUITestsLaunchTests.swift */ = {isa = PBXFileReference; lastKnownFileType = sourcecode.swift; path = designcodeUITestsLaunchTests.swift; sourceTree = "<group>"; };
		7BBED5DF2B4E3BCC003D4D72 /* 01-Layout.swift */ = {isa = PBXFileReference; lastKnownFileType = sourcecode.swift; path = "01-Layout.swift"; sourceTree = "<group>"; };
		7BBED5E12B4E3D93003D4D72 /* 02-StackAndSpacer.swift */ = {isa = PBXFileReference; lastKnownFileType = sourcecode.swift; path = "02-StackAndSpacer.swift"; sourceTree = "<group>"; };
		7BBED5E32B4E40E8003D4D72 /* 04-ShapeAndStroke.swift */ = {isa = PBXFileReference; lastKnownFileType = sourcecode.swift; path = "04-ShapeAndStroke.swift"; sourceTree = "<group>"; };
		7BBED5E52B4E44D0003D4D72 /* 05-SFSymbol.swift */ = {isa = PBXFileReference; lastKnownFileType = sourcecode.swift; path = "05-SFSymbol.swift"; sourceTree = "<group>"; };
		7BBED5E72B4E457C003D4D72 /* 06-ColorLiteral.swift */ = {isa = PBXFileReference; lastKnownFileType = sourcecode.swift; path = "06-ColorLiteral.swift"; sourceTree = "<group>"; };
		7BBED5E92B4E45E8003D4D72 /* 07-SideBar.swift */ = {isa = PBXFileReference; lastKnownFileType = sourcecode.swift; path = "07-SideBar.swift"; sourceTree = "<group>"; };
		7BBED5EB2B4E48D6003D4D72 /* 08-ToolBar.swift */ = {isa = PBXFileReference; lastKnownFileType = sourcecode.swift; path = "08-ToolBar.swift"; sourceTree = "<group>"; };
		7BBED5ED2B4E4938003D4D72 /* 10-SafeArea.swift */ = {isa = PBXFileReference; lastKnownFileType = sourcecode.swift; path = "10-SafeArea.swift"; sourceTree = "<group>"; };
		7BBED5EF2B4E49FF003D4D72 /* 11-Text.swift */ = {isa = PBXFileReference; lastKnownFileType = sourcecode.swift; path = "11-Text.swift"; sourceTree = "<group>"; };
		7BBED5F12B4E4A91003D4D72 /* 15-ShadowAndOpacity.swift */ = {isa = PBXFileReference; lastKnownFileType = sourcecode.swift; path = "15-ShadowAndOpacity.swift"; sourceTree = "<group>"; };
		7BBED5F32B4E4B04003D4D72 /* 16-MaskAndTransparancy.swift */ = {isa = PBXFileReference; lastKnownFileType = sourcecode.swift; path = "16-MaskAndTransparancy.swift"; sourceTree = "<group>"; };
		7BDF659D2D19164E009CDF10 /* 89-ViewThatFits.swift */ = {isa = PBXFileReference; lastKnownFileType = sourcecode.swift; path = "89-ViewThatFits.swift"; sourceTree = "<group>"; };
		7BDF659F2D1917F0009CDF10 /* 90-NavigationStack.swift */ = {isa = PBXFileReference; lastKnownFileType = sourcecode.swift; path = "90-NavigationStack.swift"; sourceTree = "<group>"; };
		7BF2CE182B50DF8000153B7A /* 39-AnimationRepeatDelaySpeed.swift */ = {isa = PBXFileReference; lastKnownFileType = sourcecode.swift; path = "39-AnimationRepeatDelaySpeed.swift"; sourceTree = "<group>"; };
		7BF2CE1A2B50E20800153B7A /* 40-TabSelectionFromChildView.swift */ = {isa = PBXFileReference; lastKnownFileType = sourcecode.swift; path = "40-TabSelectionFromChildView.swift"; sourceTree = "<group>"; };
		7BF2CE1C2B50E3C200153B7A /* 41-StatusBarSizeWithGeometry.swift */ = {isa = PBXFileReference; lastKnownFileType = sourcecode.swift; path = "41-StatusBarSizeWithGeometry.swift"; sourceTree = "<group>"; };
		7BF2CE1E2B50E57500153B7A /* 42-ModalPresentation.swift */ = {isa = PBXFileReference; lastKnownFileType = sourcecode.swift; path = "42-ModalPresentation.swift"; sourceTree = "<group>"; };
		7BF2CE202B50E71600153B7A /* 43-RemoteImage.swift */ = {isa = PBXFileReference; lastKnownFileType = sourcecode.swift; path = "43-RemoteImage.swift"; sourceTree = "<group>"; };
		7BF2CE252B50EA4700153B7A /* 44-DismissCustomModal.swift */ = {isa = PBXFileReference; lastKnownFileType = sourcecode.swift; path = "44-DismissCustomModal.swift"; sourceTree = "<group>"; };
		7BF2CE272B50EBB500153B7A /* 45-IteratingArray.swift */ = {isa = PBXFileReference; lastKnownFileType = sourcecode.swift; path = "45-IteratingArray.swift"; sourceTree = "<group>"; };
		7BF2CE292B50EDFF00153B7A /* 46-SwitchStatement.swift */ = {isa = PBXFileReference; lastKnownFileType = sourcecode.swift; path = "46-SwitchStatement.swift"; sourceTree = "<group>"; };
		7BF2CE2B2B50EEA500153B7A /* 47-FormatDate.swift */ = {isa = PBXFileReference; lastKnownFileType = sourcecode.swift; path = "47-FormatDate.swift"; sourceTree = "<group>"; };
		7BF2CE2D2B50F02B00153B7A /* 48-UserDefaults.swift */ = {isa = PBXFileReference; lastKnownFileType = sourcecode.swift; path = "48-UserDefaults.swift"; sourceTree = "<group>"; };
		7BF2CE2F2B50F20800153B7A /* 49-HideKeyboard.swift */ = {isa = PBXFileReference; lastKnownFileType = sourcecode.swift; path = "49-HideKeyboard.swift"; sourceTree = "<group>"; };
		7BF70ECF2B4E52C4006FEF2C /* 17-ClipShapeandSmooth.swift */ = {isa = PBXFileReference; lastKnownFileType = sourcecode.swift; path = "17-ClipShapeandSmooth.swift"; sourceTree = "<group>"; };
		7BF70ED12B4E5326006FEF2C /* 18-TabAndPagination.swift */ = {isa = PBXFileReference; lastKnownFileType = sourcecode.swift; path = "18-TabAndPagination.swift"; sourceTree = "<group>"; };
		7BF70ED32B4E537F006FEF2C /* 19-AnimationStates.swift */ = {isa = PBXFileReference; lastKnownFileType = sourcecode.swift; path = "19-AnimationStates.swift"; sourceTree = "<group>"; };
		7BF70ED52B4E53E4006FEF2C /* 20-TransitionAndAnimation.swift */ = {isa = PBXFileReference; lastKnownFileType = sourcecode.swift; path = "20-TransitionAndAnimation.swift"; sourceTree = "<group>"; };
		7BF70ED72B4E55F9006FEF2C /* 21-AnimationModifierAndTiming.swift */ = {isa = PBXFileReference; lastKnownFileType = sourcecode.swift; path = "21-AnimationModifierAndTiming.swift"; sourceTree = "<group>"; };
		7BF70ED92B4E566D006FEF2C /* 22-TransforAnimation.swift */ = {isa = PBXFileReference; lastKnownFileType = sourcecode.swift; path = "22-TransforAnimation.swift"; sourceTree = "<group>"; };
		7BF70EDB2B4E6FA4006FEF2C /* 23-TabAnimationDelay.swift */ = {isa = PBXFileReference; lastKnownFileType = sourcecode.swift; path = "23-TabAnimationDelay.swift"; sourceTree = "<group>"; };
		7BF70EDD2B4E700C006FEF2C /* 24-LongpresGesture.swift */ = {isa = PBXFileReference; lastKnownFileType = sourcecode.swift; path = "24-LongpresGesture.swift"; sourceTree = "<group>"; };
		7BF70EDF2B4E7063006FEF2C /* 25-DragGesture.swift */ = {isa = PBXFileReference; lastKnownFileType = sourcecode.swift; path = "25-DragGesture.swift"; sourceTree = "<group>"; };
		7BF70EE12B4E70CD006FEF2C /* 26-MatchedGeometryEffect.swift */ = {isa = PBXFileReference; lastKnownFileType = sourcecode.swift; path = "26-MatchedGeometryEffect.swift"; sourceTree = "<group>"; };
		7BF70EE32B4E85F6006FEF2C /* 27-LazyStacks.swift */ = {isa = PBXFileReference; lastKnownFileType = sourcecode.swift; path = "27-LazyStacks.swift"; sourceTree = "<group>"; };
		7BF70EE52B4E865B006FEF2C /* 28-NavigationView.swift */ = {isa = PBXFileReference; lastKnownFileType = sourcecode.swift; path = "28-NavigationView.swift"; sourceTree = "<group>"; };
		7BF70EE72B4E8754006FEF2C /* 29-Link.swift */ = {isa = PBXFileReference; lastKnownFileType = sourcecode.swift; path = "29-Link.swift"; sourceTree = "<group>"; };
		7BF70EE92B4E88E9006FEF2C /* 30-ColorPicker.swift */ = {isa = PBXFileReference; lastKnownFileType = sourcecode.swift; path = "30-ColorPicker.swift"; sourceTree = "<group>"; };
		7BF70EEB2B4E8943006FEF2C /* 31-DatePicker.swift */ = {isa = PBXFileReference; lastKnownFileType = sourcecode.swift; path = "31-DatePicker.swift"; sourceTree = "<group>"; };
		7BF70EED2B4E8AC1006FEF2C /* 32-Hover.swift */ = {isa = PBXFileReference; lastKnownFileType = sourcecode.swift; path = "32-Hover.swift"; sourceTree = "<group>"; };
		7BF70EF02B4E8B6B006FEF2C /* Home.swift */ = {isa = PBXFileReference; lastKnownFileType = sourcecode.swift; path = Home.swift; sourceTree = "<group>"; };
		7BF70EF32B4E8B8F006FEF2C /* buttons.swift */ = {isa = PBXFileReference; lastKnownFileType = sourcecode.swift; path = buttons.swift; sourceTree = "<group>"; };
		7BF70EF52B4E916F006FEF2C /* 34-StaticData.swift */ = {isa = PBXFileReference; lastKnownFileType = sourcecode.swift; path = "34-StaticData.swift"; sourceTree = "<group>"; };
		7BF70EF72B4E91D7006FEF2C /* 35-Full Screen Modal.swift */ = {isa = PBXFileReference; lastKnownFileType = sourcecode.swift; path = "35-Full Screen Modal.swift"; sourceTree = "<group>"; };
/* End PBXFileReference section */

/* Begin PBXFrameworksBuildPhase section */
		7BBED5AE2B4E3B28003D4D72 /* Frameworks */ = {
			isa = PBXFrameworksBuildPhase;
			buildActionMask = 2147483647;
			files = (
				7BF2CE242B50E74D00153B7A /* SDWebImageSwiftUI in Frameworks */,
			);
			runOnlyForDeploymentPostprocessing = 0;
		};
		7BBED5BE2B4E3B2A003D4D72 /* Frameworks */ = {
			isa = PBXFrameworksBuildPhase;
			buildActionMask = 2147483647;
			files = (
			);
			runOnlyForDeploymentPostprocessing = 0;
		};
		7BBED5C82B4E3B2A003D4D72 /* Frameworks */ = {
			isa = PBXFrameworksBuildPhase;
			buildActionMask = 2147483647;
			files = (
			);
			runOnlyForDeploymentPostprocessing = 0;
		};
/* End PBXFrameworksBuildPhase section */

/* Begin PBXGroup section */
		7BB3E4E42D1C3A52007A2B2E /* 98-CoreLocation */ = {
			isa = PBXGroup;
			children = (
				7BB3E4E52D1C3A8B007A2B2E /* 98-LocationManager.swift */,
				7BB3E4E22D1C3A0D007A2B2E /* 98-CoreLocation.swift */,
			);
			path = "98-CoreLocation";
			sourceTree = "<group>";
		};
		7BBED5A82B4E3B28003D4D72 = {
			isa = PBXGroup;
			children = (
				7BBED5B32B4E3B28003D4D72 /* designcode */,
				7BBED5C42B4E3B2A003D4D72 /* designcodeTests */,
				7BBED5CE2B4E3B2A003D4D72 /* designcodeUITests */,
				7BBED5B22B4E3B28003D4D72 /* Products */,
			);
			sourceTree = "<group>";
		};
		7BBED5B22B4E3B28003D4D72 /* Products */ = {
			isa = PBXGroup;
			children = (
				7BBED5B12B4E3B28003D4D72 /* designcode.app */,
				7BBED5C12B4E3B2A003D4D72 /* designcodeTests.xctest */,
				7BBED5CB2B4E3B2A003D4D72 /* designcodeUITests.xctest */,
			);
			name = Products;
			sourceTree = "<group>";
		};
		7BBED5B32B4E3B28003D4D72 /* designcode */ = {
			isa = PBXGroup;
			children = (
				7BBED5B42B4E3B28003D4D72 /* designcodeApp.swift */,
				7BBED5B62B4E3B28003D4D72 /* ContentView.swift */,
				7BBED5DE2B4E3B3E003D4D72 /* Design Code Tutorial */,
				7BBED5B82B4E3B29003D4D72 /* Assets.xcassets */,
				7BBED5BA2B4E3B29003D4D72 /* Preview Content */,
			);
			path = designcode;
			sourceTree = "<group>";
		};
		7BBED5BA2B4E3B29003D4D72 /* Preview Content */ = {
			isa = PBXGroup;
			children = (
				7BBED5BB2B4E3B29003D4D72 /* Preview Assets.xcassets */,
			);
			path = "Preview Content";
			sourceTree = "<group>";
		};
		7BBED5C42B4E3B2A003D4D72 /* designcodeTests */ = {
			isa = PBXGroup;
			children = (
				7BBED5C52B4E3B2A003D4D72 /* designcodeTests.swift */,
			);
			path = designcodeTests;
			sourceTree = "<group>";
		};
		7BBED5CE2B4E3B2A003D4D72 /* designcodeUITests */ = {
			isa = PBXGroup;
			children = (
				7BBED5CF2B4E3B2A003D4D72 /* designcodeUITests.swift */,
				7BBED5D12B4E3B2A003D4D72 /* designcodeUITestsLaunchTests.swift */,
			);
			path = designcodeUITests;
			sourceTree = "<group>";
		};
		7BBED5DE2B4E3B3E003D4D72 /* Design Code Tutorial */ = {
			isa = PBXGroup;
			children = (
				7BB3E4ED2D1C3EF1007A2B2E /* 102-KeyframeAnimator.swift */,
				7BB3E4EB2D1C3DD3007A2B2E /* 101-PhaseAnimator.swift */,
				7BB3E4E92D1C3C5F007A2B2E /* 100-SFSymbolsAnimations.swift */,
				7BB3E4E72D1C3AE8007A2B2E /* 99-RadialGradientButton.swift */,
				7BB3E4E42D1C3A52007A2B2E /* 98-CoreLocation */,
				7BB3E4E02D1C385C007A2B2E /* 97-RadialLayout.swift */,
				7BB3E4DE2D1C372F007A2B2E /* 96-CustomLayout.swift */,
				7BB3E4DC2D1C3410007A2B2E /* 95-DetectScreenSize.swift */,
				7BB3E4D82D1C333B007A2B2E /* 94-SVGtoSwiftUI.swift */,
				7BBD95F22D1A741D00C67BB8 /* 93-GridLayout.swift */,
				7BBD95F02D1A734A00C67BB8 /* 92-Charts.swift */,
				7BBD95EE2D1A713F00C67BB8 /* 91-HalfSheet.swift */,
				7BDF659F2D1917F0009CDF10 /* 90-NavigationStack.swift */,
				7BDF659D2D19164E009CDF10 /* 89-ViewThatFits.swift */,
				7B072C282D15658200E831C5 /* 88-CircularTextonPath.swift */,
				7B072C262D15652200E831C5 /* 87-MultipleBlendingModes.swift */,
				7BBED5DF2B4E3BCC003D4D72 /* 01-Layout.swift */,
				7BBED5E12B4E3D93003D4D72 /* 02-StackAndSpacer.swift */,
				7BBED5E32B4E40E8003D4D72 /* 04-ShapeAndStroke.swift */,
				7BBED5E52B4E44D0003D4D72 /* 05-SFSymbol.swift */,
				7BBED5E72B4E457C003D4D72 /* 06-ColorLiteral.swift */,
				7BBED5E92B4E45E8003D4D72 /* 07-SideBar.swift */,
				7BBED5EB2B4E48D6003D4D72 /* 08-ToolBar.swift */,
				7BBED5ED2B4E4938003D4D72 /* 10-SafeArea.swift */,
				7BBED5EF2B4E49FF003D4D72 /* 11-Text.swift */,
				7BBED5F12B4E4A91003D4D72 /* 15-ShadowAndOpacity.swift */,
				7BBED5F32B4E4B04003D4D72 /* 16-MaskAndTransparancy.swift */,
				7BF70ECF2B4E52C4006FEF2C /* 17-ClipShapeandSmooth.swift */,
				7BF70ED12B4E5326006FEF2C /* 18-TabAndPagination.swift */,
				7BF70ED32B4E537F006FEF2C /* 19-AnimationStates.swift */,
				7BF70ED52B4E53E4006FEF2C /* 20-TransitionAndAnimation.swift */,
				7BF70ED72B4E55F9006FEF2C /* 21-AnimationModifierAndTiming.swift */,
				7BF70ED92B4E566D006FEF2C /* 22-TransforAnimation.swift */,
				7BF70EDB2B4E6FA4006FEF2C /* 23-TabAnimationDelay.swift */,
				7BF70EDD2B4E700C006FEF2C /* 24-LongpresGesture.swift */,
				7BF70EDF2B4E7063006FEF2C /* 25-DragGesture.swift */,
				7BF70EE12B4E70CD006FEF2C /* 26-MatchedGeometryEffect.swift */,
				7BF70EE32B4E85F6006FEF2C /* 27-LazyStacks.swift */,
				7BF70EE52B4E865B006FEF2C /* 28-NavigationView.swift */,
				7BF70EE72B4E8754006FEF2C /* 29-Link.swift */,
				7BF70EE92B4E88E9006FEF2C /* 30-ColorPicker.swift */,
				7BF70EEB2B4E8943006FEF2C /* 31-DatePicker.swift */,
				7BF70EED2B4E8AC1006FEF2C /* 32-Hover.swift */,
				7BF70EF52B4E916F006FEF2C /* 34-StaticData.swift */,
				7BF70EF72B4E91D7006FEF2C /* 35-Full Screen Modal.swift */,
				7BBADC752B4F979000519F59 /* 36-HideStatusBar.swift */,
				7BBADC772B4F98CD00519F59 /* 37-RedactedPlaceholder.swift */,
				7BBADC792B4F9B7500519F59 /* 38-HorizontalScroll3D.swift */,
				7BF2CE182B50DF8000153B7A /* 39-AnimationRepeatDelaySpeed.swift */,
				7BF2CE1A2B50E20800153B7A /* 40-TabSelectionFromChildView.swift */,
				7BF2CE1E2B50E57500153B7A /* 42-ModalPresentation.swift */,
				7BF2CE202B50E71600153B7A /* 43-RemoteImage.swift */,
				7BF2CE252B50EA4700153B7A /* 44-DismissCustomModal.swift */,
				7BF2CE272B50EBB500153B7A /* 45-IteratingArray.swift */,
				7BF2CE292B50EDFF00153B7A /* 46-SwitchStatement.swift */,
				7BF2CE2B2B50EEA500153B7A /* 47-FormatDate.swift */,
				7BF2CE2D2B50F02B00153B7A /* 48-UserDefaults.swift */,
				7BF2CE2F2B50F20800153B7A /* 49-HideKeyboard.swift */,
				7B9F4CA82B54D47400CF97BD /* 50-AVPPlayer.swift */,
				7B9F4CAA2B55075600CF97BD /* 51-LinkFromText.swift */,
				7B9F4CAC2B5508C000CF97BD /* 52-Share Sheet.swift */,
				7B9F4CAE2B5509FD00CF97BD /* 53-StringInSwift.swift */,
				7B9F4CB02B550C2A00CF97BD /* 54-AppStorage.swift */,
				7B9F4CB22B550CD200CF97BD /* 55-ActionSheet.swift */,
				7B9F4CB42B550DB300CF97BD /* 56-TabbarScrollUp.swift */,
				7BF2CE1C2B50E3C200153B7A /* 41-StatusBarSizeWithGeometry.swift */,
				7BF70EEF2B4E8B4C006FEF2C /* 33-Component */,
			);
			path = "Design Code Tutorial";
			sourceTree = "<group>";
		};
		7BF70EEF2B4E8B4C006FEF2C /* 33-Component */ = {
			isa = PBXGroup;
			children = (
				7BF70EF02B4E8B6B006FEF2C /* Home.swift */,
				7BF70EF22B4E8B70006FEF2C /* Buttons */,
			);
			path = "33-Component";
			sourceTree = "<group>";
		};
		7BF70EF22B4E8B70006FEF2C /* Buttons */ = {
			isa = PBXGroup;
			children = (
				7BF70EF32B4E8B8F006FEF2C /* buttons.swift */,
			);
			path = Buttons;
			sourceTree = "<group>";
		};
/* End PBXGroup section */

/* Begin PBXNativeTarget section */
		7BBED5B02B4E3B28003D4D72 /* designcode */ = {
			isa = PBXNativeTarget;
			buildConfigurationList = 7BBED5D52B4E3B2A003D4D72 /* Build configuration list for PBXNativeTarget "designcode" */;
			buildPhases = (
				7BBED5AD2B4E3B28003D4D72 /* Sources */,
				7BBED5AE2B4E3B28003D4D72 /* Frameworks */,
				7BBED5AF2B4E3B28003D4D72 /* Resources */,
			);
			buildRules = (
			);
			dependencies = (
			);
			name = designcode;
			packageProductDependencies = (
				7BF2CE232B50E74D00153B7A /* SDWebImageSwiftUI */,
			);
			productName = designcode;
			productReference = 7BBED5B12B4E3B28003D4D72 /* designcode.app */;
			productType = "com.apple.product-type.application";
		};
		7BBED5C02B4E3B2A003D4D72 /* designcodeTests */ = {
			isa = PBXNativeTarget;
			buildConfigurationList = 7BBED5D82B4E3B2A003D4D72 /* Build configuration list for PBXNativeTarget "designcodeTests" */;
			buildPhases = (
				7BBED5BD2B4E3B2A003D4D72 /* Sources */,
				7BBED5BE2B4E3B2A003D4D72 /* Frameworks */,
				7BBED5BF2B4E3B2A003D4D72 /* Resources */,
			);
			buildRules = (
			);
			dependencies = (
				7BBED5C32B4E3B2A003D4D72 /* PBXTargetDependency */,
			);
			name = designcodeTests;
			productName = designcodeTests;
			productReference = 7BBED5C12B4E3B2A003D4D72 /* designcodeTests.xctest */;
			productType = "com.apple.product-type.bundle.unit-test";
		};
		7BBED5CA2B4E3B2A003D4D72 /* designcodeUITests */ = {
			isa = PBXNativeTarget;
			buildConfigurationList = 7BBED5DB2B4E3B2A003D4D72 /* Build configuration list for PBXNativeTarget "designcodeUITests" */;
			buildPhases = (
				7BBED5C72B4E3B2A003D4D72 /* Sources */,
				7BBED5C82B4E3B2A003D4D72 /* Frameworks */,
				7BBED5C92B4E3B2A003D4D72 /* Resources */,
			);
			buildRules = (
			);
			dependencies = (
				7BBED5CD2B4E3B2A003D4D72 /* PBXTargetDependency */,
			);
			name = designcodeUITests;
			productName = designcodeUITests;
			productReference = 7BBED5CB2B4E3B2A003D4D72 /* designcodeUITests.xctest */;
			productType = "com.apple.product-type.bundle.ui-testing";
		};
/* End PBXNativeTarget section */

/* Begin PBXProject section */
		7BBED5A92B4E3B28003D4D72 /* Project object */ = {
			isa = PBXProject;
			attributes = {
				BuildIndependentTargetsInParallel = 1;
				LastSwiftUpdateCheck = 1500;
				LastUpgradeCheck = 1500;
				TargetAttributes = {
					7BBED5B02B4E3B28003D4D72 = {
						CreatedOnToolsVersion = 15.0.1;
					};
					7BBED5C02B4E3B2A003D4D72 = {
						CreatedOnToolsVersion = 15.0.1;
						TestTargetID = 7BBED5B02B4E3B28003D4D72;
					};
					7BBED5CA2B4E3B2A003D4D72 = {
						CreatedOnToolsVersion = 15.0.1;
						TestTargetID = 7BBED5B02B4E3B28003D4D72;
					};
				};
			};
			buildConfigurationList = 7BBED5AC2B4E3B28003D4D72 /* Build configuration list for PBXProject "designcode" */;
			compatibilityVersion = "Xcode 14.0";
			developmentRegion = en;
			hasScannedForEncodings = 0;
			knownRegions = (
				en,
				Base,
			);
			mainGroup = 7BBED5A82B4E3B28003D4D72;
			packageReferences = (
				7BF2CE222B50E74D00153B7A /* XCRemoteSwiftPackageReference "SDWebImageSwiftUI" */,
			);
			productRefGroup = 7BBED5B22B4E3B28003D4D72 /* Products */;
			projectDirPath = "";
			projectRoot = "";
			targets = (
				7BBED5B02B4E3B28003D4D72 /* designcode */,
				7BBED5C02B4E3B2A003D4D72 /* designcodeTests */,
				7BBED5CA2B4E3B2A003D4D72 /* designcodeUITests */,
			);
		};
/* End PBXProject section */

/* Begin PBXResourcesBuildPhase section */
		7BBED5AF2B4E3B28003D4D72 /* Resources */ = {
			isa = PBXResourcesBuildPhase;
			buildActionMask = 2147483647;
			files = (
				7BBED5BC2B4E3B29003D4D72 /* Preview Assets.xcassets in Resources */,
				7BBED5B92B4E3B29003D4D72 /* Assets.xcassets in Resources */,
			);
			runOnlyForDeploymentPostprocessing = 0;
		};
		7BBED5BF2B4E3B2A003D4D72 /* Resources */ = {
			isa = PBXResourcesBuildPhase;
			buildActionMask = 2147483647;
			files = (
			);
			runOnlyForDeploymentPostprocessing = 0;
		};
		7BBED5C92B4E3B2A003D4D72 /* Resources */ = {
			isa = PBXResourcesBuildPhase;
			buildActionMask = 2147483647;
			files = (
			);
			runOnlyForDeploymentPostprocessing = 0;
		};
/* End PBXResourcesBuildPhase section */

/* Begin PBXSourcesBuildPhase section */
		7BBED5AD2B4E3B28003D4D72 /* Sources */ = {
			isa = PBXSourcesBuildPhase;
			buildActionMask = 2147483647;
			files = (
				7BB3E4E32D1C3A16007A2B2E /* 98-CoreLocation.swift in Sources */,
				7BBED5EC2B4E48D6003D4D72 /* 08-ToolBar.swift in Sources */,
				7BBED5F42B4E4B04003D4D72 /* 16-MaskAndTransparancy.swift in Sources */,
				7BBADC762B4F979000519F59 /* 36-HideStatusBar.swift in Sources */,
				7B9F4CA92B54D47400CF97BD /* 50-AVPPlayer.swift in Sources */,
				7BF70EDA2B4E566D006FEF2C /* 22-TransforAnimation.swift in Sources */,
				7BB3E4DF2D1C3738007A2B2E /* 96-CustomLayout.swift in Sources */,
				7BF70EE62B4E865B006FEF2C /* 28-NavigationView.swift in Sources */,
				7B9F4CB12B550C2A00CF97BD /* 54-AppStorage.swift in Sources */,
				7B072C292D1565A700E831C5 /* 88-CircularTextonPath.swift in Sources */,
				7BF70EF62B4E916F006FEF2C /* 34-StaticData.swift in Sources */,
				7BF70EE82B4E8754006FEF2C /* 29-Link.swift in Sources */,
				7BBED5E82B4E457C003D4D72 /* 06-ColorLiteral.swift in Sources */,
				7BBED5EA2B4E45E8003D4D72 /* 07-SideBar.swift in Sources */,
				7B9F4CAF2B5509FD00CF97BD /* 53-StringInSwift.swift in Sources */,
				7BF2CE212B50E71600153B7A /* 43-RemoteImage.swift in Sources */,
				7BF2CE1F2B50E57500153B7A /* 42-ModalPresentation.swift in Sources */,
				7BF2CE1D2B50E3C200153B7A /* 41-StatusBarSizeWithGeometry.swift in Sources */,
				7BB3E4D92D1C3347007A2B2E /* 94-SVGtoSwiftUI.swift in Sources */,
				7BF70EE42B4E85F6006FEF2C /* 27-LazyStacks.swift in Sources */,
				7BF2CE2C2B50EEA500153B7A /* 47-FormatDate.swift in Sources */,
				7BF70EEE2B4E8AC1006FEF2C /* 32-Hover.swift in Sources */,
				7BF2CE192B50DF8000153B7A /* 39-AnimationRepeatDelaySpeed.swift in Sources */,
				7BBED5E22B4E3D94003D4D72 /* 02-StackAndSpacer.swift in Sources */,
				7BBD95EF2D1A714400C67BB8 /* 91-HalfSheet.swift in Sources */,
				7BBED5E62B4E44D0003D4D72 /* 05-SFSymbol.swift in Sources */,
				7BDF659E2D191668009CDF10 /* 89-ViewThatFits.swift in Sources */,
				7BBED5E02B4E3BCC003D4D72 /* 01-Layout.swift in Sources */,
				7BBED5EE2B4E4938003D4D72 /* 10-SafeArea.swift in Sources */,
				7BB3E4EC2D1C3DDC007A2B2E /* 101-PhaseAnimator.swift in Sources */,
				7BF70ED62B4E53E4006FEF2C /* 20-TransitionAndAnimation.swift in Sources */,
				7BF70EF82B4E91D7006FEF2C /* 35-Full Screen Modal.swift in Sources */,
				7BB3E4E62D1C3A92007A2B2E /* 98-LocationManager.swift in Sources */,
				7BF2CE2A2B50EDFF00153B7A /* 46-SwitchStatement.swift in Sources */,
				7B9F4CB52B550DB300CF97BD /* 56-TabbarScrollUp.swift in Sources */,
				7BB3E4E82D1C3B01007A2B2E /* 99-RadialGradientButton.swift in Sources */,
				7BBED5F02B4E49FF003D4D72 /* 11-Text.swift in Sources */,
				7BBD95F12D1A734F00C67BB8 /* 92-Charts.swift in Sources */,
				7BF70ED02B4E52C4006FEF2C /* 17-ClipShapeandSmooth.swift in Sources */,
				7BBED5E42B4E40E8003D4D72 /* 04-ShapeAndStroke.swift in Sources */,
				7B9F4CAD2B5508C000CF97BD /* 52-Share Sheet.swift in Sources */,
				7BBD95F32D1A742600C67BB8 /* 93-GridLayout.swift in Sources */,
				7BF70ED82B4E55F9006FEF2C /* 21-AnimationModifierAndTiming.swift in Sources */,
				7BBED5F22B4E4A91003D4D72 /* 15-ShadowAndOpacity.swift in Sources */,
				7B072C272D15653400E831C5 /* 87-MultipleBlendingModes.swift in Sources */,
				7BF70EEA2B4E88E9006FEF2C /* 30-ColorPicker.swift in Sources */,
				7BDF65A02D1917F9009CDF10 /* 90-NavigationStack.swift in Sources */,
				7BF2CE282B50EBB500153B7A /* 45-IteratingArray.swift in Sources */,
				7B9F4CAB2B55075600CF97BD /* 51-LinkFromText.swift in Sources */,
				7BB3E4DD2D1C3422007A2B2E /* 95-DetectScreenSize.swift in Sources */,
				7BF2CE262B50EA4700153B7A /* 44-DismissCustomModal.swift in Sources */,
				7BF70ED22B4E5326006FEF2C /* 18-TabAndPagination.swift in Sources */,
				7BF70EE22B4E70CD006FEF2C /* 26-MatchedGeometryEffect.swift in Sources */,
				7BF2CE1B2B50E20800153B7A /* 40-TabSelectionFromChildView.swift in Sources */,
				7BB3E4EA2D1C3C6F007A2B2E /* 100-SFSymbolsAnimations.swift in Sources */,
				7BB3E4E12D1C3868007A2B2E /* 97-RadialLayout.swift in Sources */,
				7BF70EF12B4E8B6B006FEF2C /* Home.swift in Sources */,
				7BF2CE302B50F20800153B7A /* 49-HideKeyboard.swift in Sources */,
				7BBADC7A2B4F9B7500519F59 /* 38-HorizontalScroll3D.swift in Sources */,
				7BF70EE02B4E7063006FEF2C /* 25-DragGesture.swift in Sources */,
				7BF70EDE2B4E700C006FEF2C /* 24-LongpresGesture.swift in Sources */,
				7BF70EEC2B4E8943006FEF2C /* 31-DatePicker.swift in Sources */,
				7BF70EF42B4E8B8F006FEF2C /* buttons.swift in Sources */,
				7BBADC782B4F98CD00519F59 /* 37-RedactedPlaceholder.swift in Sources */,
				7BBED5B72B4E3B28003D4D72 /* ContentView.swift in Sources */,
				7BF70EDC2B4E6FA4006FEF2C /* 23-TabAnimationDelay.swift in Sources */,
				7BF70ED42B4E537F006FEF2C /* 19-AnimationStates.swift in Sources */,
				7BB3E4EE2D1C3EFB007A2B2E /* 102-KeyframeAnimator.swift in Sources */,
				7B9F4CB32B550CD200CF97BD /* 55-ActionSheet.swift in Sources */,
				7BF2CE2E2B50F02B00153B7A /* 48-UserDefaults.swift in Sources */,
				7BBED5B52B4E3B28003D4D72 /* designcodeApp.swift in Sources */,
			);
			runOnlyForDeploymentPostprocessing = 0;
		};
		7BBED5BD2B4E3B2A003D4D72 /* Sources */ = {
			isa = PBXSourcesBuildPhase;
			buildActionMask = 2147483647;
			files = (
				7BBED5C62B4E3B2A003D4D72 /* designcodeTests.swift in Sources */,
			);
			runOnlyForDeploymentPostprocessing = 0;
		};
		7BBED5C72B4E3B2A003D4D72 /* Sources */ = {
			isa = PBXSourcesBuildPhase;
			buildActionMask = 2147483647;
			files = (
				7BBED5D02B4E3B2A003D4D72 /* designcodeUITests.swift in Sources */,
				7BBED5D22B4E3B2A003D4D72 /* designcodeUITestsLaunchTests.swift in Sources */,
			);
			runOnlyForDeploymentPostprocessing = 0;
		};
/* End PBXSourcesBuildPhase section */

/* Begin PBXTargetDependency section */
		7BBED5C32B4E3B2A003D4D72 /* PBXTargetDependency */ = {
			isa = PBXTargetDependency;
			target = 7BBED5B02B4E3B28003D4D72 /* designcode */;
			targetProxy = 7BBED5C22B4E3B2A003D4D72 /* PBXContainerItemProxy */;
		};
		7BBED5CD2B4E3B2A003D4D72 /* PBXTargetDependency */ = {
			isa = PBXTargetDependency;
			target = 7BBED5B02B4E3B28003D4D72 /* designcode */;
			targetProxy = 7BBED5CC2B4E3B2A003D4D72 /* PBXContainerItemProxy */;
		};
/* End PBXTargetDependency section */

/* Begin XCBuildConfiguration section */
		7BBED5D32B4E3B2A003D4D72 /* Debug */ = {
			isa = XCBuildConfiguration;
			buildSettings = {
				ALWAYS_SEARCH_USER_PATHS = NO;
				ASSETCATALOG_COMPILER_GENERATE_SWIFT_ASSET_SYMBOL_EXTENSIONS = YES;
				CLANG_ANALYZER_NONNULL = YES;
				CLANG_ANALYZER_NUMBER_OBJECT_CONVERSION = YES_AGGRESSIVE;
				CLANG_CXX_LANGUAGE_STANDARD = "gnu++20";
				CLANG_ENABLE_MODULES = YES;
				CLANG_ENABLE_OBJC_ARC = YES;
				CLANG_ENABLE_OBJC_WEAK = YES;
				CLANG_WARN_BLOCK_CAPTURE_AUTORELEASING = YES;
				CLANG_WARN_BOOL_CONVERSION = YES;
				CLANG_WARN_COMMA = YES;
				CLANG_WARN_CONSTANT_CONVERSION = YES;
				CLANG_WARN_DEPRECATED_OBJC_IMPLEMENTATIONS = YES;
				CLANG_WARN_DIRECT_OBJC_ISA_USAGE = YES_ERROR;
				CLANG_WARN_DOCUMENTATION_COMMENTS = YES;
				CLANG_WARN_EMPTY_BODY = YES;
				CLANG_WARN_ENUM_CONVERSION = YES;
				CLANG_WARN_INFINITE_RECURSION = YES;
				CLANG_WARN_INT_CONVERSION = YES;
				CLANG_WARN_NON_LITERAL_NULL_CONVERSION = YES;
				CLANG_WARN_OBJC_IMPLICIT_RETAIN_SELF = YES;
				CLANG_WARN_OBJC_LITERAL_CONVERSION = YES;
				CLANG_WARN_OBJC_ROOT_CLASS = YES_ERROR;
				CLANG_WARN_QUOTED_INCLUDE_IN_FRAMEWORK_HEADER = YES;
				CLANG_WARN_RANGE_LOOP_ANALYSIS = YES;
				CLANG_WARN_STRICT_PROTOTYPES = YES;
				CLANG_WARN_SUSPICIOUS_MOVE = YES;
				CLANG_WARN_UNGUARDED_AVAILABILITY = YES_AGGRESSIVE;
				CLANG_WARN_UNREACHABLE_CODE = YES;
				CLANG_WARN__DUPLICATE_METHOD_MATCH = YES;
				COPY_PHASE_STRIP = NO;
				DEBUG_INFORMATION_FORMAT = dwarf;
				ENABLE_STRICT_OBJC_MSGSEND = YES;
				ENABLE_TESTABILITY = YES;
				ENABLE_USER_SCRIPT_SANDBOXING = YES;
				GCC_C_LANGUAGE_STANDARD = gnu17;
				GCC_DYNAMIC_NO_PIC = NO;
				GCC_NO_COMMON_BLOCKS = YES;
				GCC_OPTIMIZATION_LEVEL = 0;
				GCC_PREPROCESSOR_DEFINITIONS = (
					"DEBUG=1",
					"$(inherited)",
				);
				GCC_WARN_64_TO_32_BIT_CONVERSION = YES;
				GCC_WARN_ABOUT_RETURN_TYPE = YES_ERROR;
				GCC_WARN_UNDECLARED_SELECTOR = YES;
				GCC_WARN_UNINITIALIZED_AUTOS = YES_AGGRESSIVE;
				GCC_WARN_UNUSED_FUNCTION = YES;
				GCC_WARN_UNUSED_VARIABLE = YES;
				IPHONEOS_DEPLOYMENT_TARGET = 17.0;
				LOCALIZATION_PREFERS_STRING_CATALOGS = YES;
				MTL_ENABLE_DEBUG_INFO = INCLUDE_SOURCE;
				MTL_FAST_MATH = YES;
				ONLY_ACTIVE_ARCH = YES;
				SDKROOT = iphoneos;
				SWIFT_ACTIVE_COMPILATION_CONDITIONS = "DEBUG $(inherited)";
				SWIFT_OPTIMIZATION_LEVEL = "-Onone";
			};
			name = Debug;
		};
		7BBED5D42B4E3B2A003D4D72 /* Release */ = {
			isa = XCBuildConfiguration;
			buildSettings = {
				ALWAYS_SEARCH_USER_PATHS = NO;
				ASSETCATALOG_COMPILER_GENERATE_SWIFT_ASSET_SYMBOL_EXTENSIONS = YES;
				CLANG_ANALYZER_NONNULL = YES;
				CLANG_ANALYZER_NUMBER_OBJECT_CONVERSION = YES_AGGRESSIVE;
				CLANG_CXX_LANGUAGE_STANDARD = "gnu++20";
				CLANG_ENABLE_MODULES = YES;
				CLANG_ENABLE_OBJC_ARC = YES;
				CLANG_ENABLE_OBJC_WEAK = YES;
				CLANG_WARN_BLOCK_CAPTURE_AUTORELEASING = YES;
				CLANG_WARN_BOOL_CONVERSION = YES;
				CLANG_WARN_COMMA = YES;
				CLANG_WARN_CONSTANT_CONVERSION = YES;
				CLANG_WARN_DEPRECATED_OBJC_IMPLEMENTATIONS = YES;
				CLANG_WARN_DIRECT_OBJC_ISA_USAGE = YES_ERROR;
				CLANG_WARN_DOCUMENTATION_COMMENTS = YES;
				CLANG_WARN_EMPTY_BODY = YES;
				CLANG_WARN_ENUM_CONVERSION = YES;
				CLANG_WARN_INFINITE_RECURSION = YES;
				CLANG_WARN_INT_CONVERSION = YES;
				CLANG_WARN_NON_LITERAL_NULL_CONVERSION = YES;
				CLANG_WARN_OBJC_IMPLICIT_RETAIN_SELF = YES;
				CLANG_WARN_OBJC_LITERAL_CONVERSION = YES;
				CLANG_WARN_OBJC_ROOT_CLASS = YES_ERROR;
				CLANG_WARN_QUOTED_INCLUDE_IN_FRAMEWORK_HEADER = YES;
				CLANG_WARN_RANGE_LOOP_ANALYSIS = YES;
				CLANG_WARN_STRICT_PROTOTYPES = YES;
				CLANG_WARN_SUSPICIOUS_MOVE = YES;
				CLANG_WARN_UNGUARDED_AVAILABILITY = YES_AGGRESSIVE;
				CLANG_WARN_UNREACHABLE_CODE = YES;
				CLANG_WARN__DUPLICATE_METHOD_MATCH = YES;
				COPY_PHASE_STRIP = NO;
				DEBUG_INFORMATION_FORMAT = "dwarf-with-dsym";
				ENABLE_NS_ASSERTIONS = NO;
				ENABLE_STRICT_OBJC_MSGSEND = YES;
				ENABLE_USER_SCRIPT_SANDBOXING = YES;
				GCC_C_LANGUAGE_STANDARD = gnu17;
				GCC_NO_COMMON_BLOCKS = YES;
				GCC_WARN_64_TO_32_BIT_CONVERSION = YES;
				GCC_WARN_ABOUT_RETURN_TYPE = YES_ERROR;
				GCC_WARN_UNDECLARED_SELECTOR = YES;
				GCC_WARN_UNINITIALIZED_AUTOS = YES_AGGRESSIVE;
				GCC_WARN_UNUSED_FUNCTION = YES;
				GCC_WARN_UNUSED_VARIABLE = YES;
				IPHONEOS_DEPLOYMENT_TARGET = 17.0;
				LOCALIZATION_PREFERS_STRING_CATALOGS = YES;
				MTL_ENABLE_DEBUG_INFO = NO;
				MTL_FAST_MATH = YES;
				SDKROOT = iphoneos;
				SWIFT_COMPILATION_MODE = wholemodule;
				VALIDATE_PRODUCT = YES;
			};
			name = Release;
		};
		7BBED5D62B4E3B2A003D4D72 /* Debug */ = {
			isa = XCBuildConfiguration;
			buildSettings = {
				ASSETCATALOG_COMPILER_APPICON_NAME = AppIcon;
				ASSETCATALOG_COMPILER_GLOBAL_ACCENT_COLOR_NAME = AccentColor;
				CODE_SIGN_STYLE = Automatic;
				CURRENT_PROJECT_VERSION = 1;
				DEVELOPMENT_ASSET_PATHS = "\"designcode/Preview Content\"";
				ENABLE_PREVIEWS = YES;
				GENERATE_INFOPLIST_FILE = YES;
				INFOPLIST_KEY_UIApplicationSceneManifest_Generation = YES;
				INFOPLIST_KEY_UIApplicationSupportsIndirectInputEvents = YES;
				INFOPLIST_KEY_UILaunchScreen_Generation = YES;
				INFOPLIST_KEY_UISupportedInterfaceOrientations_iPad = "UIInterfaceOrientationPortrait UIInterfaceOrientationPortraitUpsideDown UIInterfaceOrientationLandscapeLeft UIInterfaceOrientationLandscapeRight";
				INFOPLIST_KEY_UISupportedInterfaceOrientations_iPhone = "UIInterfaceOrientationPortrait UIInterfaceOrientationLandscapeLeft UIInterfaceOrientationLandscapeRight";
				LD_RUNPATH_SEARCH_PATHS = (
					"$(inherited)",
					"@executable_path/Frameworks",
				);
				MARKETING_VERSION = 1.0;
				PRODUCT_BUNDLE_IDENTIFIER = test.designcode;
				PRODUCT_NAME = "$(TARGET_NAME)";
				SWIFT_EMIT_LOC_STRINGS = YES;
				SWIFT_VERSION = 5.0;
				TARGETED_DEVICE_FAMILY = "1,2";
			};
			name = Debug;
		};
		7BBED5D72B4E3B2A003D4D72 /* Release */ = {
			isa = XCBuildConfiguration;
			buildSettings = {
				ASSETCATALOG_COMPILER_APPICON_NAME = AppIcon;
				ASSETCATALOG_COMPILER_GLOBAL_ACCENT_COLOR_NAME = AccentColor;
				CODE_SIGN_STYLE = Automatic;
				CURRENT_PROJECT_VERSION = 1;
				DEVELOPMENT_ASSET_PATHS = "\"designcode/Preview Content\"";
				ENABLE_PREVIEWS = YES;
				GENERATE_INFOPLIST_FILE = YES;
				INFOPLIST_KEY_UIApplicationSceneManifest_Generation = YES;
				INFOPLIST_KEY_UIApplicationSupportsIndirectInputEvents = YES;
				INFOPLIST_KEY_UILaunchScreen_Generation = YES;
				INFOPLIST_KEY_UISupportedInterfaceOrientations_iPad = "UIInterfaceOrientationPortrait UIInterfaceOrientationPortraitUpsideDown UIInterfaceOrientationLandscapeLeft UIInterfaceOrientationLandscapeRight";
				INFOPLIST_KEY_UISupportedInterfaceOrientations_iPhone = "UIInterfaceOrientationPortrait UIInterfaceOrientationLandscapeLeft UIInterfaceOrientationLandscapeRight";
				LD_RUNPATH_SEARCH_PATHS = (
					"$(inherited)",
					"@executable_path/Frameworks",
				);
				MARKETING_VERSION = 1.0;
				PRODUCT_BUNDLE_IDENTIFIER = test.designcode;
				PRODUCT_NAME = "$(TARGET_NAME)";
				SWIFT_EMIT_LOC_STRINGS = YES;
				SWIFT_VERSION = 5.0;
				TARGETED_DEVICE_FAMILY = "1,2";
			};
			name = Release;
		};
		7BBED5D92B4E3B2A003D4D72 /* Debug */ = {
			isa = XCBuildConfiguration;
			buildSettings = {
				ALWAYS_EMBED_SWIFT_STANDARD_LIBRARIES = YES;
				BUNDLE_LOADER = "$(TEST_HOST)";
				CODE_SIGN_STYLE = Automatic;
				CURRENT_PROJECT_VERSION = 1;
				GENERATE_INFOPLIST_FILE = YES;
				IPHONEOS_DEPLOYMENT_TARGET = 17.0;
				MARKETING_VERSION = 1.0;
				PRODUCT_BUNDLE_IDENTIFIER = test.designcodeTests;
				PRODUCT_NAME = "$(TARGET_NAME)";
				SWIFT_EMIT_LOC_STRINGS = NO;
				SWIFT_VERSION = 5.0;
				TARGETED_DEVICE_FAMILY = "1,2";
				TEST_HOST = "$(BUILT_PRODUCTS_DIR)/designcode.app/$(BUNDLE_EXECUTABLE_FOLDER_PATH)/designcode";
			};
			name = Debug;
		};
		7BBED5DA2B4E3B2A003D4D72 /* Release */ = {
			isa = XCBuildConfiguration;
			buildSettings = {
				ALWAYS_EMBED_SWIFT_STANDARD_LIBRARIES = YES;
				BUNDLE_LOADER = "$(TEST_HOST)";
				CODE_SIGN_STYLE = Automatic;
				CURRENT_PROJECT_VERSION = 1;
				GENERATE_INFOPLIST_FILE = YES;
				IPHONEOS_DEPLOYMENT_TARGET = 17.0;
				MARKETING_VERSION = 1.0;
				PRODUCT_BUNDLE_IDENTIFIER = test.designcodeTests;
				PRODUCT_NAME = "$(TARGET_NAME)";
				SWIFT_EMIT_LOC_STRINGS = NO;
				SWIFT_VERSION = 5.0;
				TARGETED_DEVICE_FAMILY = "1,2";
				TEST_HOST = "$(BUILT_PRODUCTS_DIR)/designcode.app/$(BUNDLE_EXECUTABLE_FOLDER_PATH)/designcode";
			};
			name = Release;
		};
		7BBED5DC2B4E3B2A003D4D72 /* Debug */ = {
			isa = XCBuildConfiguration;
			buildSettings = {
				ALWAYS_EMBED_SWIFT_STANDARD_LIBRARIES = YES;
				CODE_SIGN_STYLE = Automatic;
				CURRENT_PROJECT_VERSION = 1;
				GENERATE_INFOPLIST_FILE = YES;
				MARKETING_VERSION = 1.0;
				PRODUCT_BUNDLE_IDENTIFIER = test.designcodeUITests;
				PRODUCT_NAME = "$(TARGET_NAME)";
				SWIFT_EMIT_LOC_STRINGS = NO;
				SWIFT_VERSION = 5.0;
				TARGETED_DEVICE_FAMILY = "1,2";
				TEST_TARGET_NAME = designcode;
			};
			name = Debug;
		};
		7BBED5DD2B4E3B2A003D4D72 /* Release */ = {
			isa = XCBuildConfiguration;
			buildSettings = {
				ALWAYS_EMBED_SWIFT_STANDARD_LIBRARIES = YES;
				CODE_SIGN_STYLE = Automatic;
				CURRENT_PROJECT_VERSION = 1;
				GENERATE_INFOPLIST_FILE = YES;
				MARKETING_VERSION = 1.0;
				PRODUCT_BUNDLE_IDENTIFIER = test.designcodeUITests;
				PRODUCT_NAME = "$(TARGET_NAME)";
				SWIFT_EMIT_LOC_STRINGS = NO;
				SWIFT_VERSION = 5.0;
				TARGETED_DEVICE_FAMILY = "1,2";
				TEST_TARGET_NAME = designcode;
			};
			name = Release;
		};
/* End XCBuildConfiguration section */

/* Begin XCConfigurationList section */
		7BBED5AC2B4E3B28003D4D72 /* Build configuration list for PBXProject "designcode" */ = {
			isa = XCConfigurationList;
			buildConfigurations = (
				7BBED5D32B4E3B2A003D4D72 /* Debug */,
				7BBED5D42B4E3B2A003D4D72 /* Release */,
			);
			defaultConfigurationIsVisible = 0;
			defaultConfigurationName = Release;
		};
		7BBED5D52B4E3B2A003D4D72 /* Build configuration list for PBXNativeTarget "designcode" */ = {
			isa = XCConfigurationList;
			buildConfigurations = (
				7BBED5D62B4E3B2A003D4D72 /* Debug */,
				7BBED5D72B4E3B2A003D4D72 /* Release */,
			);
			defaultConfigurationIsVisible = 0;
			defaultConfigurationName = Release;
		};
		7BBED5D82B4E3B2A003D4D72 /* Build configuration list for PBXNativeTarget "designcodeTests" */ = {
			isa = XCConfigurationList;
			buildConfigurations = (
				7BBED5D92B4E3B2A003D4D72 /* Debug */,
				7BBED5DA2B4E3B2A003D4D72 /* Release */,
			);
			defaultConfigurationIsVisible = 0;
			defaultConfigurationName = Release;
		};
		7BBED5DB2B4E3B2A003D4D72 /* Build configuration list for PBXNativeTarget "designcodeUITests" */ = {
			isa = XCConfigurationList;
			buildConfigurations = (
				7BBED5DC2B4E3B2A003D4D72 /* Debug */,
				7BBED5DD2B4E3B2A003D4D72 /* Release */,
			);
			defaultConfigurationIsVisible = 0;
			defaultConfigurationName = Release;
		};
/* End XCConfigurationList section */

/* Begin XCRemoteSwiftPackageReference section */
		7BF2CE222B50E74D00153B7A /* XCRemoteSwiftPackageReference "SDWebImageSwiftUI" */ = {
			isa = XCRemoteSwiftPackageReference;
			repositoryURL = "https://github.com/SDWebImage/SDWebImageSwiftUI";
			requirement = {
				kind = upToNextMajorVersion;
				minimumVersion = 2.2.6;
			};
		};
/* End XCRemoteSwiftPackageReference section */

/* Begin XCSwiftPackageProductDependency section */
		7BF2CE232B50E74D00153B7A /* SDWebImageSwiftUI */ = {
			isa = XCSwiftPackageProductDependency;
			package = 7BF2CE222B50E74D00153B7A /* XCRemoteSwiftPackageReference "SDWebImageSwiftUI" */;
			productName = SDWebImageSwiftUI;
		};
/* End XCSwiftPackageProductDependency section */
	};
	rootObject = 7BBED5A92B4E3B28003D4D72 /* Project object */;
}
